
Microsoft Visual Studio Solution File, Format Version 12.00
# Visual Studio Version 17
VisualStudioVersion = 17.8.34330.188
MinimumVisualStudioVersion = 10.0.40219.1
Project("{FAE04EC0-301F-11D3-BF4B-00C04F79EFBC}") = "Jwt-Token", "Jwt-Token\Jwt-Token.csproj", "{222558BD-738A-4901-B70F-29CD82BC7D6F}"
EndProject
Global
	GlobalSection(SolutionConfigurationPlatforms) = preSolution
		Debug|Any CPU = Debug|Any CPU
		Release|Any CPU = Release|Any CPU
	EndGlobalSection
	GlobalSection(ProjectConfigurationPlatforms) = postSolution
		{222558BD-738A-4901-B70F-29CD82BC7D6F}.Debug|Any CPU.ActiveCfg = Debug|Any CPU
		{222558BD-738A-4901-B70F-29CD82BC7D6F}.Debug|Any CPU.Build.0 = Debug|Any CPU
		{222558BD-738A-4901-B70F-29CD82BC7D6F}.Release|Any CPU.ActiveCfg = Release|Any CPU
		{222558BD-738A-4901-B70F-29CD82BC7D6F}.Release|Any CPU.Build.0 = Release|Any CPU
	EndGlobalSection
	GlobalSection(SolutionProperties) = preSolution
		HideSolutionNode = FALSE
	EndGlobalSection
	GlobalSection(ExtensibilityGlobals) = postSolution
		SolutionGuid = {3F3B98E1-1619-4890-9994-EF8B290F9E99}
	EndGlobalSection
EndGlobal
